
Microsoft Visual Studio Solution File, Format Version 12.00
# Visual Studio Version 16
VisualStudioVersion = 16.0.31129.286
MinimumVisualStudioVersion = 10.0.40219.1
Project("{9A19103F-16F7-4668-BE54-9A1E7A4F7556}") = "MKT.WebUI", "MKT.WebUI\MKT.WebUI.csproj", "{D75CD26D-50DC-47A3-9031-FFBA2C81BAF1}"
EndProject
Project("{9A19103F-16F7-4668-BE54-9A1E7A4F7556}") = "MKT.Core", "MKT.Core\MKT.Core.csproj", "{17F5E6EE-13DF-45C2-8F1F-038D5A3F38EA}"
EndProject
Project("{9A19103F-16F7-4668-BE54-9A1E7A4F7556}") = "MKT.Business", "MKT.Business\MKT.Business.csproj", "{DBBE1FF5-C180-4861-8FEE-C09045D2A83E}"
EndProject
Project("{9A19103F-16F7-4668-BE54-9A1E7A4F7556}") = "MKT.DataAccess", "MKT.DataAccess\MKT.DataAccess.csproj", "{A5B6800E-E86D-4920-836D-BDAA899B7B50}"
EndProject
Project("{2150E333-8FDC-42A3-9474-1A3956D46DE8}") = "Solution Items", "Solution Items", "{C2667742-38A2-4100-B2AD-B543147155CC}"
	ProjectSection(SolutionItems) = preProject
		Scaffolding.txt = Scaffolding.txt
	EndProjectSection
EndProject
Global
	GlobalSection(SolutionConfigurationPlatforms) = preSolution
		Debug|Any CPU = Debug|Any CPU
		Release|Any CPU = Release|Any CPU
	EndGlobalSection
	GlobalSection(ProjectConfigurationPlatforms) = postSolution
		{D75CD26D-50DC-47A3-9031-FFBA2C81BAF1}.Debug|Any CPU.ActiveCfg = Debug|Any CPU
		{D75CD26D-50DC-47A3-9031-FFBA2C81BAF1}.Debug|Any CPU.Build.0 = Debug|Any CPU
		{D75CD26D-50DC-47A3-9031-FFBA2C81BAF1}.Release|Any CPU.ActiveCfg = Release|Any CPU
		{D75CD26D-50DC-47A3-9031-FFBA2C81BAF1}.Release|Any CPU.Build.0 = Release|Any CPU
		{17F5E6EE-13DF-45C2-8F1F-038D5A3F38EA}.Debug|Any CPU.ActiveCfg = Debug|Any CPU
		{17F5E6EE-13DF-45C2-8F1F-038D5A3F38EA}.Debug|Any CPU.Build.0 = Debug|Any CPU
		{17F5E6EE-13DF-45C2-8F1F-038D5A3F38EA}.Release|Any CPU.ActiveCfg = Release|Any CPU
		{17F5E6EE-13DF-45C2-8F1F-038D5A3F38EA}.Release|Any CPU.Build.0 = Release|Any CPU
		{DBBE1FF5-C180-4861-8FEE-C09045D2A83E}.Debug|Any CPU.ActiveCfg = Debug|Any CPU
		{DBBE1FF5-C180-4861-8FEE-C09045D2A83E}.Debug|Any CPU.Build.0 = Debug|Any CPU
		{DBBE1FF5-C180-4861-8FEE-C09045D2A83E}.Release|Any CPU.ActiveCfg = Release|Any CPU
		{DBBE1FF5-C180-4861-8FEE-C09045D2A83E}.Release|Any CPU.Build.0 = Release|Any CPU
		{A5B6800E-E86D-4920-836D-BDAA899B7B50}.Debug|Any CPU.ActiveCfg = Debug|Any CPU
		{A5B6800E-E86D-4920-836D-BDAA899B7B50}.Debug|Any CPU.Build.0 = Debug|Any CPU
		{A5B6800E-E86D-4920-836D-BDAA899B7B50}.Release|Any CPU.ActiveCfg = Release|Any CPU
		{A5B6800E-E86D-4920-836D-BDAA899B7B50}.Release|Any CPU.Build.0 = Release|Any CPU
	EndGlobalSection
	GlobalSection(SolutionProperties) = preSolution
		HideSolutionNode = FALSE
	EndGlobalSection
	GlobalSection(ExtensibilityGlobals) = postSolution
		SolutionGuid = {1245DDB3-A2C0-4385-9AB3-B12CE8273DB7}
	EndGlobalSection
EndGlobal
